
Microsoft Visual Studio Solution File, Format Version 12.00
# Visual Studio Version 16
VisualStudioVersion = 16.0.31424.327
MinimumVisualStudioVersion = 10.0.40219.1
Project("{FAE04EC0-301F-11D3-BF4B-00C04F79EFBC}") = "EncryptDecryptFile", "EncryptDecryptFile\EncryptDecryptFile.csproj", "{24C99992-7F38-4091-8B66-FF3C80146D2F}"
EndProject
Global
	GlobalSection(SolutionConfigurationPlatforms) = preSolution
		Debug|Any CPU = Debug|Any CPU
		Release|Any CPU = Release|Any CPU
	EndGlobalSection
	GlobalSection(ProjectConfigurationPlatforms) = postSolution
		{24C99992-7F38-4091-8B66-FF3C80146D2F}.Debug|Any CPU.ActiveCfg = Debug|Any CPU
		{24C99992-7F38-4091-8B66-FF3C80146D2F}.Debug|Any CPU.Build.0 = Debug|Any CPU
		{24C99992-7F38-4091-8B66-FF3C80146D2F}.Release|Any CPU.ActiveCfg = Release|Any CPU
		{24C99992-7F38-4091-8B66-FF3C80146D2F}.Release|Any CPU.Build.0 = Release|Any CPU
	EndGlobalSection
	GlobalSection(SolutionProperties) = preSolution
		HideSolutionNode = FALSE
	EndGlobalSection
	GlobalSection(ExtensibilityGlobals) = postSolution
		SolutionGuid = {5A58C572-A9AB-4C0A-B39A-E733402983B3}
	EndGlobalSection
EndGlobal
